
Microsoft Visual Studio Solution File, Format Version 12.00
# Visual Studio Version 16
VisualStudioVersion = 16.0.29230.47
MinimumVisualStudioVersion = 10.0.40219.1
Project("{FAE04EC0-301F-11D3-BF4B-00C04F79EFBC}") = "ConfigFileTest", "ConfigFileTest\ConfigFileTest.csproj", "{F5BF90B9-7AE9-406F-A188-48849A278960}"
EndProject
Project("{FAE04EC0-301F-11D3-BF4B-00C04F79EFBC}") = "FactoryExample", "FactoryExample\FactoryExample.csproj", "{0B97DCF9-4779-429F-9529-26670E8F7E87}"
EndProject
Global
	GlobalSection(SolutionConfigurationPlatforms) = preSolution
		Debug|Any CPU = Debug|Any CPU
		Release|Any CPU = Release|Any CPU
	EndGlobalSection
	GlobalSection(ProjectConfigurationPlatforms) = postSolution
		{F5BF90B9-7AE9-406F-A188-48849A278960}.Debug|Any CPU.ActiveCfg = Debug|Any CPU
		{F5BF90B9-7AE9-406F-A188-48849A278960}.Debug|Any CPU.Build.0 = Debug|Any CPU
		{F5BF90B9-7AE9-406F-A188-48849A278960}.Release|Any CPU.ActiveCfg = Release|Any CPU
		{F5BF90B9-7AE9-406F-A188-48849A278960}.Release|Any CPU.Build.0 = Release|Any CPU
		{0B97DCF9-4779-429F-9529-26670E8F7E87}.Debug|Any CPU.ActiveCfg = Debug|Any CPU
		{0B97DCF9-4779-429F-9529-26670E8F7E87}.Debug|Any CPU.Build.0 = Debug|Any CPU
		{0B97DCF9-4779-429F-9529-26670E8F7E87}.Release|Any CPU.ActiveCfg = Release|Any CPU
		{0B97DCF9-4779-429F-9529-26670E8F7E87}.Release|Any CPU.Build.0 = Release|Any CPU
	EndGlobalSection
	GlobalSection(SolutionProperties) = preSolution
		HideSolutionNode = FALSE
	EndGlobalSection
	GlobalSection(ExtensibilityGlobals) = postSolution
		SolutionGuid = {EBFB89A2-52CB-48EA-ABBB-58B932360250}
	EndGlobalSection
EndGlobal
